
Microsoft Visual Studio Solution File, Format Version 12.00
Project("{2150E333-8FDC-42A3-9474-1A3956D46DE8}") = "src", "src", "{58992243-6C53-4A21-A898-ED046DB14B66}"
EndProject
Project("{2150E333-8FDC-42A3-9474-1A3956D46DE8}") = "Building Blocks", "Building Blocks", "{86D41C7C-C742-47C2-8122-57569D01E14F}"
EndProject
Project("{2150E333-8FDC-42A3-9474-1A3956D46DE8}") = "Services", "Services", "{68B4C4E7-7D0F-4012-BCCC-82D358C3A5C4}"
EndProject
Project("{2150E333-8FDC-42A3-9474-1A3956D46DE8}") = "Web", "Web", "{D5389F90-161E-44A6-AC46-EDF603F6CC2E}"
EndProject
Project("{2150E333-8FDC-42A3-9474-1A3956D46DE8}") = "Identity", "Identity", "{FEB2E31B-60B6-4199-9A2C-FEF4D7A3A3D9}"
EndProject
Project("{FAE04EC0-301F-11D3-BF4B-00C04F79EFBC}") = "NSE.Identity.API", "src\services\NSE.Identity.API\NSE.Identity.API.csproj", "{B19B78F8-6B05-41AD-859E-7B6327E913F6}"
EndProject
Project("{FAE04EC0-301F-11D3-BF4B-00C04F79EFBC}") = "NSE.WebApp.MVC", "src\web\NSE.WebApp.MVC\NSE.WebApp.MVC.csproj", "{61631749-49C7-47BE-BBFE-6C5BDD198FC3}"
EndProject
Project("{2150E333-8FDC-42A3-9474-1A3956D46DE8}") = "Core", "Core", "{18BFD63B-1050-4F6D-9A79-D67A8AD7FAB5}"
EndProject
Project("{FAE04EC0-301F-11D3-BF4B-00C04F79EFBC}") = "NSE.Core", "src\building blocks\NSE.Core\NSE.Core.csproj", "{EEFCEC36-6631-47F3-B7D1-8EF3F13123A1}"
EndProject
Project("{2150E333-8FDC-42A3-9474-1A3956D46DE8}") = "Payment", "Payment", "{32DBD862-F50A-49C8-9A36-1FCDB7217E25}"
EndProject
Project("{2150E333-8FDC-42A3-9474-1A3956D46DE8}") = "Customer", "Customer", "{01043814-7C16-4646-A232-276B79032801}"
EndProject
Project("{2150E333-8FDC-42A3-9474-1A3956D46DE8}") = "Cart", "Cart", "{93129380-2997-4F81-B7C4-2BC9B10BE630}"
EndProject
Project("{2150E333-8FDC-42A3-9474-1A3956D46DE8}") = "Order", "Order", "{0D9BE077-585E-4764-9FFD-406E18FA32D9}"
EndProject
Project("{FAE04EC0-301F-11D3-BF4B-00C04F79EFBC}") = "NSE.Cart.API", "src\services\NSE.Cart.API\NSE.Cart.API.csproj", "{B7AE23E3-86CB-4D08-BE48-E3805AB49A97}"
EndProject
Project("{FAE04EC0-301F-11D3-BF4B-00C04F79EFBC}") = "NSE.Customer.API", "src\services\NSE.Customer.API\NSE.Customer.API.csproj", "{1F8F094C-5024-45FE-8504-EF41872B4ED8}"
EndProject
Project("{FAE04EC0-301F-11D3-BF4B-00C04F79EFBC}") = "NSE.Order.API", "src\services\NSE.Order.API\NSE.Order.API.csproj", "{E88E677E-C1F4-448A-9458-4B0178050572}"
EndProject
Project("{FAE04EC0-301F-11D3-BF4B-00C04F79EFBC}") = "NSE.Payment.API", "src\services\NSE.Payment.API\NSE.Payment.API.csproj", "{1BE15AD6-F783-40AB-A090-284FF21ACD59}"
EndProject
Project("{2150E333-8FDC-42A3-9474-1A3956D46DE8}") = "Catalog", "Catalog", "{DB542F26-BC38-490E-ADA5-6947D1124356}"
EndProject
Project("{FAE04EC0-301F-11D3-BF4B-00C04F79EFBC}") = "NSE.Catalog.API", "src\services\NSE.Catalog.API\NSE.Catalog.API.csproj", "{952AFD9A-3D3E-4593-B159-280E7E31D7A1}"
EndProject
Global
	GlobalSection(SolutionConfigurationPlatforms) = preSolution
		Debug|Any CPU = Debug|Any CPU
		Release|Any CPU = Release|Any CPU
	EndGlobalSection
	GlobalSection(NestedProjects) = preSolution
		{86D41C7C-C742-47C2-8122-57569D01E14F} = {58992243-6C53-4A21-A898-ED046DB14B66}
		{68B4C4E7-7D0F-4012-BCCC-82D358C3A5C4} = {58992243-6C53-4A21-A898-ED046DB14B66}
		{D5389F90-161E-44A6-AC46-EDF603F6CC2E} = {58992243-6C53-4A21-A898-ED046DB14B66}
		{FEB2E31B-60B6-4199-9A2C-FEF4D7A3A3D9} = {68B4C4E7-7D0F-4012-BCCC-82D358C3A5C4}
		{B19B78F8-6B05-41AD-859E-7B6327E913F6} = {FEB2E31B-60B6-4199-9A2C-FEF4D7A3A3D9}
		{61631749-49C7-47BE-BBFE-6C5BDD198FC3} = {D5389F90-161E-44A6-AC46-EDF603F6CC2E}
		{18BFD63B-1050-4F6D-9A79-D67A8AD7FAB5} = {86D41C7C-C742-47C2-8122-57569D01E14F}
		{EEFCEC36-6631-47F3-B7D1-8EF3F13123A1} = {18BFD63B-1050-4F6D-9A79-D67A8AD7FAB5}
		{32DBD862-F50A-49C8-9A36-1FCDB7217E25} = {68B4C4E7-7D0F-4012-BCCC-82D358C3A5C4}
		{01043814-7C16-4646-A232-276B79032801} = {68B4C4E7-7D0F-4012-BCCC-82D358C3A5C4}
		{93129380-2997-4F81-B7C4-2BC9B10BE630} = {68B4C4E7-7D0F-4012-BCCC-82D358C3A5C4}
		{0D9BE077-585E-4764-9FFD-406E18FA32D9} = {68B4C4E7-7D0F-4012-BCCC-82D358C3A5C4}
		{B7AE23E3-86CB-4D08-BE48-E3805AB49A97} = {93129380-2997-4F81-B7C4-2BC9B10BE630}
		{1F8F094C-5024-45FE-8504-EF41872B4ED8} = {01043814-7C16-4646-A232-276B79032801}
		{E88E677E-C1F4-448A-9458-4B0178050572} = {0D9BE077-585E-4764-9FFD-406E18FA32D9}
		{1BE15AD6-F783-40AB-A090-284FF21ACD59} = {32DBD862-F50A-49C8-9A36-1FCDB7217E25}
		{DB542F26-BC38-490E-ADA5-6947D1124356} = {68B4C4E7-7D0F-4012-BCCC-82D358C3A5C4}
		{952AFD9A-3D3E-4593-B159-280E7E31D7A1} = {DB542F26-BC38-490E-ADA5-6947D1124356}
	EndGlobalSection
	GlobalSection(ProjectConfigurationPlatforms) = postSolution
		{B19B78F8-6B05-41AD-859E-7B6327E913F6}.Debug|Any CPU.ActiveCfg = Debug|Any CPU
		{B19B78F8-6B05-41AD-859E-7B6327E913F6}.Debug|Any CPU.Build.0 = Debug|Any CPU
		{B19B78F8-6B05-41AD-859E-7B6327E913F6}.Release|Any CPU.ActiveCfg = Release|Any CPU
		{B19B78F8-6B05-41AD-859E-7B6327E913F6}.Release|Any CPU.Build.0 = Release|Any CPU
		{61631749-49C7-47BE-BBFE-6C5BDD198FC3}.Debug|Any CPU.ActiveCfg = Debug|Any CPU
		{61631749-49C7-47BE-BBFE-6C5BDD198FC3}.Debug|Any CPU.Build.0 = Debug|Any CPU
		{61631749-49C7-47BE-BBFE-6C5BDD198FC3}.Release|Any CPU.ActiveCfg = Release|Any CPU
		{61631749-49C7-47BE-BBFE-6C5BDD198FC3}.Release|Any CPU.Build.0 = Release|Any CPU
		{EEFCEC36-6631-47F3-B7D1-8EF3F13123A1}.Debug|Any CPU.ActiveCfg = Debug|Any CPU
		{EEFCEC36-6631-47F3-B7D1-8EF3F13123A1}.Debug|Any CPU.Build.0 = Debug|Any CPU
		{EEFCEC36-6631-47F3-B7D1-8EF3F13123A1}.Release|Any CPU.ActiveCfg = Release|Any CPU
		{EEFCEC36-6631-47F3-B7D1-8EF3F13123A1}.Release|Any CPU.Build.0 = Release|Any CPU
		{B7AE23E3-86CB-4D08-BE48-E3805AB49A97}.Debug|Any CPU.ActiveCfg = Debug|Any CPU
		{B7AE23E3-86CB-4D08-BE48-E3805AB49A97}.Debug|Any CPU.Build.0 = Debug|Any CPU
		{B7AE23E3-86CB-4D08-BE48-E3805AB49A97}.Release|Any CPU.ActiveCfg = Release|Any CPU
		{B7AE23E3-86CB-4D08-BE48-E3805AB49A97}.Release|Any CPU.Build.0 = Release|Any CPU
		{1F8F094C-5024-45FE-8504-EF41872B4ED8}.Debug|Any CPU.ActiveCfg = Debug|Any CPU
		{1F8F094C-5024-45FE-8504-EF41872B4ED8}.Debug|Any CPU.Build.0 = Debug|Any CPU
		{1F8F094C-5024-45FE-8504-EF41872B4ED8}.Release|Any CPU.ActiveCfg = Release|Any CPU
		{1F8F094C-5024-45FE-8504-EF41872B4ED8}.Release|Any CPU.Build.0 = Release|Any CPU
		{E88E677E-C1F4-448A-9458-4B0178050572}.Debug|Any CPU.ActiveCfg = Debug|Any CPU
		{E88E677E-C1F4-448A-9458-4B0178050572}.Debug|Any CPU.Build.0 = Debug|Any CPU
		{E88E677E-C1F4-448A-9458-4B0178050572}.Release|Any CPU.ActiveCfg = Release|Any CPU
		{E88E677E-C1F4-448A-9458-4B0178050572}.Release|Any CPU.Build.0 = Release|Any CPU
		{1BE15AD6-F783-40AB-A090-284FF21ACD59}.Debug|Any CPU.ActiveCfg = Debug|Any CPU
		{1BE15AD6-F783-40AB-A090-284FF21ACD59}.Debug|Any CPU.Build.0 = Debug|Any CPU
		{1BE15AD6-F783-40AB-A090-284FF21ACD59}.Release|Any CPU.ActiveCfg = Release|Any CPU
		{1BE15AD6-F783-40AB-A090-284FF21ACD59}.Release|Any CPU.Build.0 = Release|Any CPU
		{952AFD9A-3D3E-4593-B159-280E7E31D7A1}.Debug|Any CPU.ActiveCfg = Debug|Any CPU
		{952AFD9A-3D3E-4593-B159-280E7E31D7A1}.Debug|Any CPU.Build.0 = Debug|Any CPU
		{952AFD9A-3D3E-4593-B159-280E7E31D7A1}.Release|Any CPU.ActiveCfg = Release|Any CPU
		{952AFD9A-3D3E-4593-B159-280E7E31D7A1}.Release|Any CPU.Build.0 = Release|Any CPU
	EndGlobalSection
EndGlobal
